
Microsoft Visual Studio Solution File, Format Version 12.00
# Visual Studio Version 17
VisualStudioVersion = 17.9.34902.65
MinimumVisualStudioVersion = 10.0.40219.1
Project("{FAE04EC0-301F-11D3-BF4B-00C04F79EFBC}") = "truload-backend", "truload-backend.csproj", "{1DF1E687-B8DB-4A87-95B1-7C747ADF6219}"
EndProject
Project("{FAE04EC0-301F-11D3-BF4B-00C04F79EFBC}") = "truload-backend.Tests", "Tests\truload-backend.Tests.csproj", "{9F4E5C0A-7B2D-4E8F-91A5-1E2C3D4E5F6A}"
EndProject
Global
	GlobalSection(SolutionConfigurationPlatforms) = preSolution
		Debug|Any CPU = Debug|Any CPU
		Release|Any CPU = Release|Any CPU
	EndGlobalSection
	GlobalSection(ProjectConfigurationPlatforms) = postSolution
		{1DF1E687-B8DB-4A87-95B1-7C747ADF6219}.Debug|Any CPU.ActiveCfg = Debug|Any CPU
		{1DF1E687-B8DB-4A87-95B1-7C747ADF6219}.Debug|Any CPU.Build.0 = Debug|Any CPU
		{1DF1E687-B8DB-4A87-95B1-7C747ADF6219}.Release|Any CPU.ActiveCfg = Release|Any CPU
		{1DF1E687-B8DB-4A87-95B1-7C747ADF6219}.Release|Any CPU.Build.0 = Release|Any CPU
		{9F4E5C0A-7B2D-4E8F-91A5-1E2C3D4E5F6A}.Debug|Any CPU.ActiveCfg = Debug|Any CPU
		{9F4E5C0A-7B2D-4E8F-91A5-1E2C3D4E5F6A}.Debug|Any CPU.Build.0 = Debug|Any CPU
		{9F4E5C0A-7B2D-4E8F-91A5-1E2C3D4E5F6A}.Release|Any CPU.ActiveCfg = Release|Any CPU
		{9F4E5C0A-7B2D-4E8F-91A5-1E2C3D4E5F6A}.Release|Any CPU.Build.0 = Release|Any CPU
	EndGlobalSection
	GlobalSection(SolutionProperties) = preSolution
		HideSolutionNode = FALSE
	EndGlobalSection
	GlobalSection(ExtensibilityGlobals) = postSolution
		SolutionGuid = {E6A31632-EB8E-41F8-B8BF-40F231EF87EF}
	EndGlobalSection
EndGlobal
